
Microsoft Visual Studio Solution File, Format Version 12.00
# Visual Studio Version 17
VisualStudioVersion = 17.4.33213.308
MinimumVisualStudioVersion = 10.0.40219.1
Project("{FAE04EC0-301F-11D3-BF4B-00C04F79EFBC}") = "FYP_Management", "FYP_Management\FYP_Management.csproj", "{DEB9449A-DB13-4599-BC42-D726919025CF}"
EndProject
Global
	GlobalSection(SolutionConfigurationPlatforms) = preSolution
		Debug|Any CPU = Debug|Any CPU
		Release|Any CPU = Release|Any CPU
	EndGlobalSection
	GlobalSection(ProjectConfigurationPlatforms) = postSolution
		{DEB9449A-DB13-4599-BC42-D726919025CF}.Debug|Any CPU.ActiveCfg = Debug|Any CPU
		{DEB9449A-DB13-4599-BC42-D726919025CF}.Debug|Any CPU.Build.0 = Debug|Any CPU
		{DEB9449A-DB13-4599-BC42-D726919025CF}.Release|Any CPU.ActiveCfg = Release|Any CPU
		{DEB9449A-DB13-4599-BC42-D726919025CF}.Release|Any CPU.Build.0 = Release|Any CPU
	EndGlobalSection
	GlobalSection(SolutionProperties) = preSolution
		HideSolutionNode = FALSE
	EndGlobalSection
	GlobalSection(ExtensibilityGlobals) = postSolution
		SolutionGuid = {0307AA69-05AF-4E66-8998-0DB85AF7F911}
	EndGlobalSection
EndGlobal
